
Microsoft Visual Studio Solution File, Format Version 12.00
# Visual Studio Version 17
VisualStudioVersion = 17.13.35828.75 d17.13
MinimumVisualStudioVersion = 10.0.40219.1
Project("{FAE04EC0-301F-11D3-BF4B-00C04F79EFBC}") = "StudentManagement", "StudentManagement\StudentManagement.csproj", "{46525906-4244-41F5-AC43-5047C741D1B9}"
EndProject
Global
	GlobalSection(SolutionConfigurationPlatforms) = preSolution
		Debug|Any CPU = Debug|Any CPU
		Release|Any CPU = Release|Any CPU
	EndGlobalSection
	GlobalSection(ProjectConfigurationPlatforms) = postSolution
		{46525906-4244-41F5-AC43-5047C741D1B9}.Debug|Any CPU.ActiveCfg = Debug|Any CPU
		{46525906-4244-41F5-AC43-5047C741D1B9}.Debug|Any CPU.Build.0 = Debug|Any CPU
		{46525906-4244-41F5-AC43-5047C741D1B9}.Release|Any CPU.ActiveCfg = Release|Any CPU
		{46525906-4244-41F5-AC43-5047C741D1B9}.Release|Any CPU.Build.0 = Release|Any CPU
	EndGlobalSection
	GlobalSection(SolutionProperties) = preSolution
		HideSolutionNode = FALSE
	EndGlobalSection
	GlobalSection(ExtensibilityGlobals) = postSolution
		SolutionGuid = {89BC0841-75C0-40C3-B066-93A4771492B3}
	EndGlobalSection
EndGlobal
